{
  "version": 4,
  "terraform_version": "1.14.8",
  "serial": 5,
  "lineage": "9cbd5e81-b51b-0123-3654-f107abf86877",
  "outputs": {
    "app_container_name": {
      "value": "uly-dala-coffee-app",
      "type": "string"
    },
    "app_url": {
      "value": "http://localhost:4000",
      "type": "string"
    },
    "network_name": {
      "value": "uly-dala-network",
      "type": "string"
    }
  },
  "resources": [
    {
      "mode": "managed",
      "type": "docker_container",
      "name": "app",
      "provider": "provider[\"registry.terraform.io/kreuzwerker/docker\"]",
      "instances": [
        {
          "schema_version": 2,
          "attributes": {
            "attach": false,
            "bridge": "",
            "capabilities": [],
            "cgroup_parent": null,
            "cgroupns_mode": null,
            "command": [
              "node",
              "server.js"
            ],
            "container_logs": null,
            "container_read_refresh_timeout_milliseconds": 15000,
            "cpu_period": null,
            "cpu_quota": null,
            "cpu_set": "",
            "cpu_shares": 0,
            "cpus": null,
            "destroy_grace_seconds": null,
            "devices": [],
            "dns": [],
            "dns_opts": [],
            "dns_search": [],
            "domainname": "",
            "entrypoint": [
              "docker-entrypoint.sh"
            ],
            "env": [
              "APP_URL=http://localhost:4000",
              "JWT_EXPIRES_IN=7d",
              "JWT_SECRET=supersecretjwtkey123456789",
              "MONGODB_URI=mongodb+srv://zarkeshdamir2006_db_user:qwerty1234@uly-dala-coffee.pfnii73.mongodb.net/uly-dala-coffee?retryWrites=true\u0026w=majority\u0026appName=uly-dala-coffee",
              "PASSWORD_RESET_EXPIRES_MINUTES=15",
              "PORT=4000",
              "SMTP_FROM=Uly Dala Coffee \u003ctest@test.com\u003e",
              "SMTP_HOST=smtp.zoho.com",
              "SMTP_PASS=test",
              "SMTP_PORT=587",
              "SMTP_SECURE=false",
              "SMTP_USER=test@test.com"
            ],
            "exit_code": null,
            "gpus": null,
            "group_add": [],
            "healthcheck": [
              {
                "interval": "30s",
                "retries": 3,
                "start_interval": "0s",
                "start_period": "5s",
                "test": [
                  "CMD-SHELL",
                  "wget -qO- http://localhost:4000/ || exit 1"
                ],
                "timeout": "10s"
              }
            ],
            "host": [],
            "hostname": "9a7e3d6a116b",
            "id": "9a7e3d6a116bbb712d2fb132cfe14c3a1759c3a48b39f4b5e4a89c2b3bbf9509",
            "image": "sha256:6bd1498bea7f9ea1dc890e700142434428bfdf4e291be4015b0da3eab9faeafd",
            "init": false,
            "ipc_mode": "private",
            "labels": [],
            "log_driver": "json-file",
            "log_opts": {},
            "logs": false,
            "max_retry_count": 0,
            "memory": 0,
            "memory_reservation": 0,
            "memory_swap": 0,
            "mounts": [],
            "must_run": true,
            "name": "uly-dala-coffee-app",
            "network_data": [
              {
                "gateway": "172.21.0.1",
                "global_ipv6_address": "",
                "global_ipv6_prefix_length": 0,
                "ip_address": "172.21.0.2",
                "ip_prefix_length": 16,
                "ipv6_gateway": "",
                "mac_address": "f2:1d:1f:26:82:23",
                "network_name": "uly-dala-network"
              }
            ],
            "network_mode": "bridge",
            "networks_advanced": [
              {
                "aliases": [],
                "ipv4_address": "",
                "ipv6_address": "",
                "mac_address": "",
                "name": "uly-dala-network"
              }
            ],
            "pid_mode": "",
            "ports": [
              {
                "external": 4000,
                "internal": 4000,
                "ip": "0.0.0.0",
                "protocol": "tcp"
              }
            ],
            "privileged": false,
            "publish_all_ports": false,
            "read_only": false,
            "remove_volumes": true,
            "restart": "always",
            "rm": false,
            "runtime": "runc",
            "security_opts": [],
            "shm_size": 64,
            "start": true,
            "stdin_open": false,
            "stop_signal": "",
            "stop_timeout": 1,
            "storage_opts": {},
            "sysctls": {},
            "tmpfs": {},
            "tty": false,
            "ulimit": [],
            "upload": [],
            "user": "",
            "userns_mode": "",
            "volumes": [],
            "wait": false,
            "wait_timeout": 60,
            "working_dir": "/app"
          },
          "sensitive_attributes": [
            [
              {
                "type": "get_attr",
                "value": "env"
              }
            ]
          ],
          "identity_schema_version": 0,
          "private": "eyJzY2hlbWFfdmVyc2lvbiI6IjIifQ==",
          "dependencies": [
            "docker_image.app",
            "docker_network.app_network"
          ]
        }
      ]
    },
    {
      "mode": "managed",
      "type": "docker_image",
      "name": "app",
      "provider": "provider[\"registry.terraform.io/kreuzwerker/docker\"]",
      "instances": [
        {
          "schema_version": 0,
          "attributes": {
            "build": [],
            "force_remove": null,
            "id": "sha256:6bd1498bea7f9ea1dc890e700142434428bfdf4e291be4015b0da3eab9faeafduly-dala-coffee:latest",
            "image_id": "sha256:6bd1498bea7f9ea1dc890e700142434428bfdf4e291be4015b0da3eab9faeafd",
            "keep_locally": true,
            "name": "uly-dala-coffee:latest",
            "platform": null,
            "pull_triggers": null,
            "repo_digest": "uly-dala-coffee@sha256:6bd1498bea7f9ea1dc890e700142434428bfdf4e291be4015b0da3eab9faeafd",
            "timeouts": null,
            "triggers": null
          },
          "sensitive_attributes": [],
          "identity_schema_version": 0,
          "private": "eyJlMmJmYjczMC1lY2FhLTExZTYtOGY4OC0zNDM2M2JjN2M0YzAiOnsiY3JlYXRlIjoxMjAwMDAwMDAwMDAwLCJkZWxldGUiOjEyMDAwMDAwMDAwMDAsInVwZGF0ZSI6MTIwMDAwMDAwMDAwMH19"
        }
      ]
    },
    {
      "mode": "managed",
      "type": "docker_network",
      "name": "app_network",
      "provider": "provider[\"registry.terraform.io/kreuzwerker/docker\"]",
      "instances": [
        {
          "schema_version": 1,
          "attributes": {
            "attachable": false,
            "check_duplicate": null,
            "driver": "bridge",
            "id": "f6bde03c7fdc28436909c9dad5360bac1d3d97d8b503e50e9e19c427ff759591",
            "ingress": false,
            "internal": false,
            "ipam_config": [
              {
                "aux_address": {},
                "gateway": "172.21.0.1",
                "ip_range": "",
                "subnet": "172.21.0.0/16"
              }
            ],
            "ipam_driver": "default",
            "ipam_options": {},
            "ipv6": false,
            "labels": [],
            "name": "uly-dala-network",
            "options": {
              "com.docker.network.enable_ipv4": "true",
              "com.docker.network.enable_ipv6": "false"
            },
            "scope": "local"
          },
          "sensitive_attributes": [],
          "identity_schema_version": 0,
          "private": "eyJzY2hlbWFfdmVyc2lvbiI6IjEifQ=="
        }
      ]
    }
  ],
  "check_results": null
}
